
Microsoft Visual Studio Solution File, Format Version 12.00
# Visual Studio Version 16
VisualStudioVersion = 16.0.28803.452
MinimumVisualStudioVersion = 10.0.40219.1
Project("{FAE04EC0-301F-11D3-BF4B-00C04F79EFBC}") = "SegurosEquinoccial.Pagos.Servicio", "SegurosEquinoccial.Pagos\SegurosEquinoccial.Pagos.Servicio.csproj", "{9D0EEA3A-847A-4C78-A79D-7456EDA90B35}"
EndProject
Project("{FAE04EC0-301F-11D3-BF4B-00C04F79EFBC}") = "SegurosEquinoccial.Pagos.Entidad", "SegurosEquinoccial.Pagos.Entidad\SegurosEquinoccial.Pagos.Entidad.csproj", "{04CFB2BC-03DD-46F2-B48E-8009BCC64762}"
EndProject
Project("{FAE04EC0-301F-11D3-BF4B-00C04F79EFBC}") = "SegurosEquinoccial.Pagos.Datos", "SegurosEquinoccial.Pagos.Datos\SegurosEquinoccial.Pagos.Datos.csproj", "{B542CFC5-A373-4EAA-8289-6AA27813071A}"
EndProject
Project("{FAE04EC0-301F-11D3-BF4B-00C04F79EFBC}") = "SegurosEquinoccial.Pagos.Controlador", "SegurosEquinoccial.Pagos.Controlador\SegurosEquinoccial.Pagos.Controlador.csproj", "{8B5D3F39-80E7-418D-A008-A51BD55FA91D}"
EndProject
Project("{FAE04EC0-301F-11D3-BF4B-00C04F79EFBC}") = "SegurosEquinoccial.Pago.Cliente", "SegurosEquinoccial.Pago.Cliente\SegurosEquinoccial.Pago.Cliente.csproj", "{AD28E9E4-6BCC-458F-B9CC-BC329A786EBE}"
EndProject
Global
	GlobalSection(SolutionConfigurationPlatforms) = preSolution
		Debug|Any CPU = Debug|Any CPU
		Release|Any CPU = Release|Any CPU
	EndGlobalSection
	GlobalSection(ProjectConfigurationPlatforms) = postSolution
		{9D0EEA3A-847A-4C78-A79D-7456EDA90B35}.Debug|Any CPU.ActiveCfg = Debug|Any CPU
		{9D0EEA3A-847A-4C78-A79D-7456EDA90B35}.Debug|Any CPU.Build.0 = Debug|Any CPU
		{9D0EEA3A-847A-4C78-A79D-7456EDA90B35}.Release|Any CPU.ActiveCfg = Release|Any CPU
		{9D0EEA3A-847A-4C78-A79D-7456EDA90B35}.Release|Any CPU.Build.0 = Release|Any CPU
		{04CFB2BC-03DD-46F2-B48E-8009BCC64762}.Debug|Any CPU.ActiveCfg = Debug|Any CPU
		{04CFB2BC-03DD-46F2-B48E-8009BCC64762}.Debug|Any CPU.Build.0 = Debug|Any CPU
		{04CFB2BC-03DD-46F2-B48E-8009BCC64762}.Release|Any CPU.ActiveCfg = Release|Any CPU
		{04CFB2BC-03DD-46F2-B48E-8009BCC64762}.Release|Any CPU.Build.0 = Release|Any CPU
		{B542CFC5-A373-4EAA-8289-6AA27813071A}.Debug|Any CPU.ActiveCfg = Debug|Any CPU
		{B542CFC5-A373-4EAA-8289-6AA27813071A}.Debug|Any CPU.Build.0 = Debug|Any CPU
		{B542CFC5-A373-4EAA-8289-6AA27813071A}.Release|Any CPU.ActiveCfg = Release|Any CPU
		{B542CFC5-A373-4EAA-8289-6AA27813071A}.Release|Any CPU.Build.0 = Release|Any CPU
		{8B5D3F39-80E7-418D-A008-A51BD55FA91D}.Debug|Any CPU.ActiveCfg = Debug|Any CPU
		{8B5D3F39-80E7-418D-A008-A51BD55FA91D}.Debug|Any CPU.Build.0 = Debug|Any CPU
		{8B5D3F39-80E7-418D-A008-A51BD55FA91D}.Release|Any CPU.ActiveCfg = Release|Any CPU
		{8B5D3F39-80E7-418D-A008-A51BD55FA91D}.Release|Any CPU.Build.0 = Release|Any CPU
		{AD28E9E4-6BCC-458F-B9CC-BC329A786EBE}.Debug|Any CPU.ActiveCfg = Debug|Any CPU
		{AD28E9E4-6BCC-458F-B9CC-BC329A786EBE}.Debug|Any CPU.Build.0 = Debug|Any CPU
		{AD28E9E4-6BCC-458F-B9CC-BC329A786EBE}.Release|Any CPU.ActiveCfg = Release|Any CPU
		{AD28E9E4-6BCC-458F-B9CC-BC329A786EBE}.Release|Any CPU.Build.0 = Release|Any CPU
	EndGlobalSection
	GlobalSection(SolutionProperties) = preSolution
		HideSolutionNode = FALSE
	EndGlobalSection
	GlobalSection(ExtensibilityGlobals) = postSolution
		SolutionGuid = {6A0924A2-8F8A-4795-A839-154182BA5E8E}
	EndGlobalSection
EndGlobal
